// !$*UTF8*$!
{
	archiveVersion = 1;
	classes = {
	};
	objectVersion = 46;
	objects = {

/* Begin PBXBuildFile section */
		14D7A5D51FBA787300CEA4D3 /* AppDelegate.swift in Sources */ = {isa = PBXBuildFile; fileRef = 14D7A5D41FBA787300CEA4D3 /* AppDelegate.swift */; };
		14D7A5DA1FBA787300CEA4D3 /* Main.storyboard in Resources */ = {isa = PBXBuildFile; fileRef = 14D7A5D81FBA787300CEA4D3 /* Main.storyboard */; };
		14D7A5DC1FBA787300CEA4D3 /* Assets.xcassets in Resources */ = {isa = PBXBuildFile; fileRef = 14D7A5DB1FBA787300CEA4D3 /* Assets.xcassets */; };
		14D7A5DF1FBA787300CEA4D3 /* LaunchScreen.storyboard in Resources */ = {isa = PBXBuildFile; fileRef = 14D7A5DD1FBA787300CEA4D3 /* LaunchScreen.storyboard */; };
		14D7A5EA1FBA787300CEA4D3 /* JGS_IphoneApp_ProjectTests.swift in Sources */ = {isa = PBXBuildFile; fileRef = 14D7A5E91FBA787300CEA4D3 /* JGS_IphoneApp_ProjectTests.swift */; };
		14D7A5F51FBA787300CEA4D3 /* JGS_IphoneApp_ProjectUITests.swift in Sources */ = {isa = PBXBuildFile; fileRef = 14D7A5F41FBA787300CEA4D3 /* JGS_IphoneApp_ProjectUITests.swift */; };
		14D7A6041FBA789F00CEA4D3 /* MapKit.framework in Frameworks */ = {isa = PBXBuildFile; fileRef = 14D7A6031FBA789F00CEA4D3 /* MapKit.framework */; };
		14D7A6081FBA7C0200CEA4D3 /* SingleMapViewController.swift in Sources */ = {isa = PBXBuildFile; fileRef = 14D7A6071FBA7C0200CEA4D3 /* SingleMapViewController.swift */; };
		14E7CFE01FC6988600484BD5 /* ListTableViewController.swift in Sources */ = {isa = PBXBuildFile; fileRef = 14D7A6091FBA817200CEA4D3 /* ListTableViewController.swift */; };
		14E7CFE21FC6A60B00484BD5 /* TotalMapViewController.swift in Sources */ = {isa = PBXBuildFile; fileRef = 14E7CFE11FC6A60B00484BD5 /* TotalMapViewController.swift */; };
/* End PBXBuildFile section */

/* Begin PBXContainerItemProxy section */
		14D7A5E61FBA787300CEA4D3 /* PBXContainerItemProxy */ = {
			isa = PBXContainerItemProxy;
			containerPortal = 14D7A5C91FBA787200CEA4D3 /* Project object */;
			proxyType = 1;
			remoteGlobalIDString = 14D7A5D01FBA787200CEA4D3;
			remoteInfo = JGS_IphoneApp_Project;
		};
		14D7A5F11FBA787300CEA4D3 /* PBXContainerItemProxy */ = {
			isa = PBXContainerItemProxy;
			containerPortal = 14D7A5C91FBA787200CEA4D3 /* Project object */;
			proxyType = 1;
			remoteGlobalIDString = 14D7A5D01FBA787200CEA4D3;
			remoteInfo = JGS_IphoneApp_Project;
		};
/* End PBXContainerItemProxy section */

/* Begin PBXFileReference section */
		14D7A5D11FBA787300CEA4D3 /* JGS_IphoneApp_Project.app */ = {isa = PBXFileReference; explicitFileType = wrapper.application; includeInIndex = 0; path = JGS_IphoneApp_Project.app; sourceTree = BUILT_PRODUCTS_DIR; };
		14D7A5D41FBA787300CEA4D3 /* AppDelegate.swift */ = {isa = PBXFileReference; lastKnownFileType = sourcecode.swift; path = AppDelegate.swift; sourceTree = "<group>"; };
		14D7A5D91FBA787300CEA4D3 /* Base */ = {isa = PBXFileReference; lastKnownFileType = file.storyboard; name = Base; path = Base.lproj/Main.storyboard; sourceTree = "<group>"; };
		14D7A5DB1FBA787300CEA4D3 /* Assets.xcassets */ = {isa = PBXFileReference; lastKnownFileType = folder.assetcatalog; path = Assets.xcassets; sourceTree = "<group>"; };
		14D7A5DE1FBA787300CEA4D3 /* Base */ = {isa = PBXFileReference; lastKnownFileType = file.storyboard; name = Base; path = Base.lproj/LaunchScreen.storyboard; sourceTree = "<group>"; };
		14D7A5E01FBA787300CEA4D3 /* Info.plist */ = {isa = PBXFileReference; lastKnownFileType = text.plist.xml; path = Info.plist; sourceTree = "<group>"; };
		14D7A5E51FBA787300CEA4D3 /* JGS_IphoneApp_ProjectTests.xctest */ = {isa = PBXFileReference; explicitFileType = wrapper.cfbundle; includeInIndex = 0; path = JGS_IphoneApp_ProjectTests.xctest; sourceTree = BUILT_PRODUCTS_DIR; };
		14D7A5E91FBA787300CEA4D3 /* JGS_IphoneApp_ProjectTests.swift */ = {isa = PBXFileReference; lastKnownFileType = sourcecode.swift; path = JGS_IphoneApp_ProjectTests.swift; sourceTree = "<group>"; };
		14D7A5EB1FBA787300CEA4D3 /* Info.plist */ = {isa = PBXFileReference; lastKnownFileType = text.plist.xml; path = Info.plist; sourceTree = "<group>"; };
		14D7A5F01FBA787300CEA4D3 /* JGS_IphoneApp_ProjectUITests.xctest */ = {isa = PBXFileReference; explicitFileType = wrapper.cfbundle; includeInIndex = 0; path = JGS_IphoneApp_ProjectUITests.xctest; sourceTree = BUILT_PRODUCTS_DIR; };
		14D7A5F41FBA787300CEA4D3 /* JGS_IphoneApp_ProjectUITests.swift */ = {isa = PBXFileReference; lastKnownFileType = sourcecode.swift; path = JGS_IphoneApp_ProjectUITests.swift; sourceTree = "<group>"; };
		14D7A5F61FBA787300CEA4D3 /* Info.plist */ = {isa = PBXFileReference; lastKnownFileType = text.plist.xml; path = Info.plist; sourceTree = "<group>"; };
		14D7A6031FBA789F00CEA4D3 /* MapKit.framework */ = {isa = PBXFileReference; lastKnownFileType = wrapper.framework; name = MapKit.framework; path = System/Library/Frameworks/MapKit.framework; sourceTree = SDKROOT; };
		14D7A6071FBA7C0200CEA4D3 /* SingleMapViewController.swift */ = {isa = PBXFileReference; fileEncoding = 4; lastKnownFileType = sourcecode.swift; name = SingleMapViewController.swift; path = ../SingleMapViewController.swift; sourceTree = "<group>"; };
		14D7A6091FBA817200CEA4D3 /* ListTableViewController.swift */ = {isa = PBXFileReference; fileEncoding = 4; lastKnownFileType = sourcecode.swift; name = ListTableViewController.swift; path = ../ListTableViewController.swift; sourceTree = "<group>"; };
		14E7CFE11FC6A60B00484BD5 /* TotalMapViewController.swift */ = {isa = PBXFileReference; fileEncoding = 4; lastKnownFileType = sourcecode.swift; path = TotalMapViewController.swift; sourceTree = "<group>"; };
/* End PBXFileReference section */

/* Begin PBXFrameworksBuildPhase section */
		14D7A5CE1FBA787200CEA4D3 /* Frameworks */ = {
			isa = PBXFrameworksBuildPhase;
			buildActionMask = 2147483647;
			files = (
				14D7A6041FBA789F00CEA4D3 /* MapKit.framework in Frameworks */,
			);
			runOnlyForDeploymentPostprocessing = 0;
		};
		14D7A5E21FBA787300CEA4D3 /* Frameworks */ = {
			isa = PBXFrameworksBuildPhase;
			buildActionMask = 2147483647;
			files = (
			);
			runOnlyForDeploymentPostprocessing = 0;
		};
		14D7A5ED1FBA787300CEA4D3 /* Frameworks */ = {
			isa = PBXFrameworksBuildPhase;
			buildActionMask = 2147483647;
			files = (
			);
			runOnlyForDeploymentPostprocessing = 0;
		};
/* End PBXFrameworksBuildPhase section */

/* Begin PBXGroup section */
		14D7A5C81FBA787200CEA4D3 = {
			isa = PBXGroup;
			children = (
				14D7A5D31FBA787300CEA4D3 /* JGS_IphoneApp_Project */,
				14D7A5E81FBA787300CEA4D3 /* JGS_IphoneApp_ProjectTests */,
				14D7A5F31FBA787300CEA4D3 /* JGS_IphoneApp_ProjectUITests */,
				14D7A5D21FBA787300CEA4D3 /* Products */,
				14D7A6021FBA789F00CEA4D3 /* Frameworks */,
			);
			sourceTree = "<group>";
		};
		14D7A5D21FBA787300CEA4D3 /* Products */ = {
			isa = PBXGroup;
			children = (
				14D7A5D11FBA787300CEA4D3 /* JGS_IphoneApp_Project.app */,
				14D7A5E51FBA787300CEA4D3 /* JGS_IphoneApp_ProjectTests.xctest */,
				14D7A5F01FBA787300CEA4D3 /* JGS_IphoneApp_ProjectUITests.xctest */,
			);
			name = Products;
			sourceTree = "<group>";
		};
		14D7A5D31FBA787300CEA4D3 /* JGS_IphoneApp_Project */ = {
			isa = PBXGroup;
			children = (
				14D7A6071FBA7C0200CEA4D3 /* SingleMapViewController.swift */,
				14D7A6091FBA817200CEA4D3 /* ListTableViewController.swift */,
				14D7A5D41FBA787300CEA4D3 /* AppDelegate.swift */,
				14D7A5D81FBA787300CEA4D3 /* Main.storyboard */,
				14E7CFE11FC6A60B00484BD5 /* TotalMapViewController.swift */,
				14D7A5DB1FBA787300CEA4D3 /* Assets.xcassets */,
				14D7A5DD1FBA787300CEA4D3 /* LaunchScreen.storyboard */,
				14D7A5E01FBA787300CEA4D3 /* Info.plist */,
			);
			path = JGS_IphoneApp_Project;
			sourceTree = "<group>";
		};
		14D7A5E81FBA787300CEA4D3 /* JGS_IphoneApp_ProjectTests */ = {
			isa = PBXGroup;
			children = (
				14D7A5E91FBA787300CEA4D3 /* JGS_IphoneApp_ProjectTests.swift */,
				14D7A5EB1FBA787300CEA4D3 /* Info.plist */,
			);
			path = JGS_IphoneApp_ProjectTests;
			sourceTree = "<group>";
		};
		14D7A5F31FBA787300CEA4D3 /* JGS_IphoneApp_ProjectUITests */ = {
			isa = PBXGroup;
			children = (
				14D7A5F41FBA787300CEA4D3 /* JGS_IphoneApp_ProjectUITests.swift */,
				14D7A5F61FBA787300CEA4D3 /* Info.plist */,
			);
			path = JGS_IphoneApp_ProjectUITests;
			sourceTree = "<group>";
		};
		14D7A6021FBA789F00CEA4D3 /* Frameworks */ = {
			isa = PBXGroup;
			children = (
				14D7A6031FBA789F00CEA4D3 /* MapKit.framework */,
			);
			name = Frameworks;
			sourceTree = "<group>";
		};
/* End PBXGroup section */

/* Begin PBXNativeTarget section */
		14D7A5D01FBA787200CEA4D3 /* JGS_IphoneApp_Project */ = {
			isa = PBXNativeTarget;
			buildConfigurationList = 14D7A5F91FBA787300CEA4D3 /* Build configuration list for PBXNativeTarget "JGS_IphoneApp_Project" */;
			buildPhases = (
				14D7A5CD1FBA787200CEA4D3 /* Sources */,
				14D7A5CE1FBA787200CEA4D3 /* Frameworks */,
				14D7A5CF1FBA787200CEA4D3 /* Resources */,
			);
			buildRules = (
			);
			dependencies = (
			);
			name = JGS_IphoneApp_Project;
			productName = JGS_IphoneApp_Project;
			productReference = 14D7A5D11FBA787300CEA4D3 /* JGS_IphoneApp_Project.app */;
			productType = "com.apple.product-type.application";
		};
		14D7A5E41FBA787300CEA4D3 /* JGS_IphoneApp_ProjectTests */ = {
			isa = PBXNativeTarget;
			buildConfigurationList = 14D7A5FC1FBA787300CEA4D3 /* Build configuration list for PBXNativeTarget "JGS_IphoneApp_ProjectTests" */;
			buildPhases = (
				14D7A5E11FBA787300CEA4D3 /* Sources */,
				14D7A5E21FBA787300CEA4D3 /* Frameworks */,
				14D7A5E31FBA787300CEA4D3 /* Resources */,
			);
			buildRules = (
			);
			dependencies = (
				14D7A5E71FBA787300CEA4D3 /* PBXTargetDependency */,
			);
			name = JGS_IphoneApp_ProjectTests;
			productName = JGS_IphoneApp_ProjectTests;
			productReference = 14D7A5E51FBA787300CEA4D3 /* JGS_IphoneApp_ProjectTests.xctest */;
			productType = "com.apple.product-type.bundle.unit-test";
		};
		14D7A5EF1FBA787300CEA4D3 /* JGS_IphoneApp_ProjectUITests */ = {
			isa = PBXNativeTarget;
			buildConfigurationList = 14D7A5FF1FBA787300CEA4D3 /* Build configuration list for PBXNativeTarget "JGS_IphoneApp_ProjectUITests" */;
			buildPhases = (
				14D7A5EC1FBA787300CEA4D3 /* Sources */,
				14D7A5ED1FBA787300CEA4D3 /* Frameworks */,
				14D7A5EE1FBA787300CEA4D3 /* Resources */,
			);
			buildRules = (
			);
			dependencies = (
				14D7A5F21FBA787300CEA4D3 /* PBXTargetDependency */,
			);
			name = JGS_IphoneApp_ProjectUITests;
			productName = JGS_IphoneApp_ProjectUITests;
			productReference = 14D7A5F01FBA787300CEA4D3 /* JGS_IphoneApp_ProjectUITests.xctest */;
			productType = "com.apple.product-type.bundle.ui-testing";
		};
/* End PBXNativeTarget section */

/* Begin PBXProject section */
		14D7A5C91FBA787200CEA4D3 /* Project object */ = {
			isa = PBXProject;
			attributes = {
				LastSwiftUpdateCheck = 0830;
				LastUpgradeCheck = 0830;
				ORGANIZATIONNAME = DoubleK;
				TargetAttributes = {
					14D7A5D01FBA787200CEA4D3 = {
						CreatedOnToolsVersion = 8.3.3;
						ProvisioningStyle = Automatic;
					};
					14D7A5E41FBA787300CEA4D3 = {
						CreatedOnToolsVersion = 8.3.3;
						ProvisioningStyle = Automatic;
						TestTargetID = 14D7A5D01FBA787200CEA4D3;
					};
					14D7A5EF1FBA787300CEA4D3 = {
						CreatedOnToolsVersion = 8.3.3;
						ProvisioningStyle = Automatic;
						TestTargetID = 14D7A5D01FBA787200CEA4D3;
					};
				};
			};
			buildConfigurationList = 14D7A5CC1FBA787200CEA4D3 /* Build configuration list for PBXProject "JGS_IphoneApp_Project" */;
			compatibilityVersion = "Xcode 3.2";
			developmentRegion = English;
			hasScannedForEncodings = 0;
			knownRegions = (
				en,
				Base,
			);
			mainGroup = 14D7A5C81FBA787200CEA4D3;
			productRefGroup = 14D7A5D21FBA787300CEA4D3 /* Products */;
			projectDirPath = "";
			projectRoot = "";
			targets = (
				14D7A5D01FBA787200CEA4D3 /* JGS_IphoneApp_Project */,
				14D7A5E41FBA787300CEA4D3 /* JGS_IphoneApp_ProjectTests */,
				14D7A5EF1FBA787300CEA4D3 /* JGS_IphoneApp_ProjectUITests */,
			);
		};
/* End PBXProject section */

/* Begin PBXResourcesBuildPhase section */
		14D7A5CF1FBA787200CEA4D3 /* Resources */ = {
			isa = PBXResourcesBuildPhase;
			buildActionMask = 2147483647;
			files = (
				14D7A5DF1FBA787300CEA4D3 /* LaunchScreen.storyboard in Resources */,
				14D7A5DC1FBA787300CEA4D3 /* Assets.xcassets in Resources */,
				14D7A5DA1FBA787300CEA4D3 /* Main.storyboard in Resources */,
			);
			runOnlyForDeploymentPostprocessing = 0;
		};
		14D7A5E31FBA787300CEA4D3 /* Resources */ = {
			isa = PBXResourcesBuildPhase;
			buildActionMask = 2147483647;
			files = (
			);
			runOnlyForDeploymentPostprocessing = 0;
		};
		14D7A5EE1FBA787300CEA4D3 /* Resources */ = {
			isa = PBXResourcesBuildPhase;
			buildActionMask = 2147483647;
			files = (
			);
			runOnlyForDeploymentPostprocessing = 0;
		};
/* End PBXResourcesBuildPhase section */

/* Begin PBXSourcesBuildPhase section */
		14D7A5CD1FBA787200CEA4D3 /* Sources */ = {
			isa = PBXSourcesBuildPhase;
			buildActionMask = 2147483647;
			files = (
				14E7CFE21FC6A60B00484BD5 /* TotalMapViewController.swift in Sources */,
				14E7CFE01FC6988600484BD5 /* ListTableViewController.swift in Sources */,
				14D7A6081FBA7C0200CEA4D3 /* SingleMapViewController.swift in Sources */,
				14D7A5D51FBA787300CEA4D3 /* AppDelegate.swift in Sources */,
			);
			runOnlyForDeploymentPostprocessing = 0;
		};
		14D7A5E11FBA787300CEA4D3 /* Sources */ = {
			isa = PBXSourcesBuildPhase;
			buildActionMask = 2147483647;
			files = (
				14D7A5EA1FBA787300CEA4D3 /* JGS_IphoneApp_ProjectTests.swift in Sources */,
			);
			runOnlyForDeploymentPostprocessing = 0;
		};
		14D7A5EC1FBA787300CEA4D3 /* Sources */ = {
			isa = PBXSourcesBuildPhase;
			buildActionMask = 2147483647;
			files = (
				14D7A5F51FBA787300CEA4D3 /* JGS_IphoneApp_ProjectUITests.swift in Sources */,
			);
			runOnlyForDeploymentPostprocessing = 0;
		};
/* End PBXSourcesBuildPhase section */

/* Begin PBXTargetDependency section */
		14D7A5E71FBA787300CEA4D3 /* PBXTargetDependency */ = {
			isa = PBXTargetDependency;
			target = 14D7A5D01FBA787200CEA4D3 /* JGS_IphoneApp_Project */;
			targetProxy = 14D7A5E61FBA787300CEA4D3 /* PBXContainerItemProxy */;
		};
		14D7A5F21FBA787300CEA4D3 /* PBXTargetDependency */ = {
			isa = PBXTargetDependency;
			target = 14D7A5D01FBA787200CEA4D3 /* JGS_IphoneApp_Project */;
			targetProxy = 14D7A5F11FBA787300CEA4D3 /* PBXContainerItemProxy */;
		};
/* End PBXTargetDependency section */

/* Begin PBXVariantGroup section */
		14D7A5D81FBA787300CEA4D3 /* Main.storyboard */ = {
			isa = PBXVariantGroup;
			children = (
				14D7A5D91FBA787300CEA4D3 /* Base */,
			);
			name = Main.storyboard;
			sourceTree = "<group>";
		};
		14D7A5DD1FBA787300CEA4D3 /* LaunchScreen.storyboard */ = {
			isa = PBXVariantGroup;
			children = (
				14D7A5DE1FBA787300CEA4D3 /* Base */,
			);
			name = LaunchScreen.storyboard;
			sourceTree = "<group>";
		};
/* End PBXVariantGroup section */

/* Begin XCBuildConfiguration section */
		14D7A5F71FBA787300CEA4D3 /* Debug */ = {
			isa = XCBuildConfiguration;
			buildSettings = {
				ALWAYS_SEARCH_USER_PATHS = NO;
				CLANG_ANALYZER_NONNULL = YES;
				CLANG_ANALYZER_NUMBER_OBJECT_CONVERSION = YES_AGGRESSIVE;
				CLANG_CXX_LANGUAGE_STANDARD = "gnu++0x";
				CLANG_CXX_LIBRARY = "libc++";
				CLANG_ENABLE_MODULES = YES;
				CLANG_ENABLE_OBJC_ARC = YES;
				CLANG_WARN_BOOL_CONVERSION = YES;
				CLANG_WARN_CONSTANT_CONVERSION = YES;
				CLANG_WARN_DIRECT_OBJC_ISA_USAGE = YES_ERROR;
				CLANG_WARN_DOCUMENTATION_COMMENTS = YES;
				CLANG_WARN_EMPTY_BODY = YES;
				CLANG_WARN_ENUM_CONVERSION = YES;
				CLANG_WARN_INFINITE_RECURSION = YES;
				CLANG_WARN_INT_CONVERSION = YES;
				CLANG_WARN_OBJC_ROOT_CLASS = YES_ERROR;
				CLANG_WARN_SUSPICIOUS_MOVE = YES;
				CLANG_WARN_UNREACHABLE_CODE = YES;
				CLANG_WARN__DUPLICATE_METHOD_MATCH = YES;
				"CODE_SIGN_IDENTITY[sdk=iphoneos*]" = "iPhone Developer";
				COPY_PHASE_STRIP = NO;
				DEBUG_INFORMATION_FORMAT = dwarf;
				ENABLE_STRICT_OBJC_MSGSEND = YES;
				ENABLE_TESTABILITY = YES;
				GCC_C_LANGUAGE_STANDARD = gnu99;
				GCC_DYNAMIC_NO_PIC = NO;
				GCC_NO_COMMON_BLOCKS = YES;
				GCC_OPTIMIZATION_LEVEL = 0;
				GCC_PREPROCESSOR_DEFINITIONS = (
					"DEBUG=1",
					"$(inherited)",
				);
				GCC_WARN_64_TO_32_BIT_CONVERSION = YES;
				GCC_WARN_ABOUT_RETURN_TYPE = YES_ERROR;
				GCC_WARN_UNDECLARED_SELECTOR = YES;
				GCC_WARN_UNINITIALIZED_AUTOS = YES_AGGRESSIVE;
				GCC_WARN_UNUSED_FUNCTION = YES;
				GCC_WARN_UNUSED_VARIABLE = YES;
				IPHONEOS_DEPLOYMENT_TARGET = 10.3;
				MTL_ENABLE_DEBUG_INFO = YES;
				ONLY_ACTIVE_ARCH = YES;
				SDKROOT = iphoneos;
				SWIFT_ACTIVE_COMPILATION_CONDITIONS = DEBUG;
				SWIFT_OPTIMIZATION_LEVEL = "-Onone";
			};
			name = Debug;
		};
		14D7A5F81FBA787300CEA4D3 /* Release */ = {
			isa = XCBuildConfiguration;
			buildSettings = {
				ALWAYS_SEARCH_USER_PATHS = NO;
				CLANG_ANALYZER_NONNULL = YES;
				CLANG_ANALYZER_NUMBER_OBJECT_CONVERSION = YES_AGGRESSIVE;
				CLANG_CXX_LANGUAGE_STANDARD = "gnu++0x";
				CLANG_CXX_LIBRARY = "libc++";
				CLANG_ENABLE_MODULES = YES;
				CLANG_ENABLE_OBJC_ARC = YES;
				CLANG_WARN_BOOL_CONVERSION = YES;
				CLANG_WARN_CONSTANT_CONVERSION = YES;
				CLANG_WARN_DIRECT_OBJC_ISA_USAGE = YES_ERROR;
				CLANG_WARN_DOCUMENTATION_COMMENTS = YES;
				CLANG_WARN_EMPTY_BODY = YES;
				CLANG_WARN_ENUM_CONVERSION = YES;
				CLANG_WARN_INFINITE_RECURSION = YES;
				CLANG_WARN_INT_CONVERSION = YES;
				CLANG_WARN_OBJC_ROOT_CLASS = YES_ERROR;
				CLANG_WARN_SUSPICIOUS_MOVE = YES;
				CLANG_WARN_UNREACHABLE_CODE = YES;
				CLANG_WARN__DUPLICATE_METHOD_MATCH = YES;
				"CODE_SIGN_IDENTITY[sdk=iphoneos*]" = "iPhone Developer";
				COPY_PHASE_STRIP = NO;
				DEBUG_INFORMATION_FORMAT = "dwarf-with-dsym";
				ENABLE_NS_ASSERTIONS = NO;
				ENABLE_STRICT_OBJC_MSGSEND = YES;
				GCC_C_LANGUAGE_STANDARD = gnu99;
				GCC_NO_COMMON_BLOCKS = YES;
				GCC_WARN_64_TO_32_BIT_CONVERSION = YES;
				GCC_WARN_ABOUT_RETURN_TYPE = YES_ERROR;
				GCC_WARN_UNDECLARED_SELECTOR = YES;
				GCC_WARN_UNINITIALIZED_AUTOS = YES_AGGRESSIVE;
				GCC_WARN_UNUSED_FUNCTION = YES;
				GCC_WARN_UNUSED_VARIABLE = YES;
				IPHONEOS_DEPLOYMENT_TARGET = 10.3;
				MTL_ENABLE_DEBUG_INFO = NO;
				SDKROOT = iphoneos;
				SWIFT_OPTIMIZATION_LEVEL = "-Owholemodule";
				VALIDATE_PRODUCT = YES;
			};
			name = Release;
		};
		14D7A5FA1FBA787300CEA4D3 /* Debug */ = {
			isa = XCBuildConfiguration;
			buildSettings = {
				ASSETCATALOG_COMPILER_APPICON_NAME = AppIcon;
				INFOPLIST_FILE = JGS_IphoneApp_Project/Info.plist;
				IPHONEOS_DEPLOYMENT_TARGET = 10.3;
				LD_RUNPATH_SEARCH_PATHS = "$(inherited) @executable_path/Frameworks";
				PRODUCT_BUNDLE_IDENTIFIER = "DoubleK.JGS-IphoneApp-Project";
				PRODUCT_NAME = "$(TARGET_NAME)";
				SWIFT_VERSION = 3.0;
			};
			name = Debug;
		};
		14D7A5FB1FBA787300CEA4D3 /* Release */ = {
			isa = XCBuildConfiguration;
			buildSettings = {
				ASSETCATALOG_COMPILER_APPICON_NAME = AppIcon;
				INFOPLIST_FILE = JGS_IphoneApp_Project/Info.plist;
				IPHONEOS_DEPLOYMENT_TARGET = 10.3;
				LD_RUNPATH_SEARCH_PATHS = "$(inherited) @executable_path/Frameworks";
				PRODUCT_BUNDLE_IDENTIFIER = "DoubleK.JGS-IphoneApp-Project";
				PRODUCT_NAME = "$(TARGET_NAME)";
				SWIFT_VERSION = 3.0;
			};
			name = Release;
		};
		14D7A5FD1FBA787300CEA4D3 /* Debug */ = {
			isa = XCBuildConfiguration;
			buildSettings = {
				ALWAYS_EMBED_SWIFT_STANDARD_LIBRARIES = YES;
				BUNDLE_LOADER = "$(TEST_HOST)";
				INFOPLIST_FILE = JGS_IphoneApp_ProjectTests/Info.plist;
				LD_RUNPATH_SEARCH_PATHS = "$(inherited) @executable_path/Frameworks @loader_path/Frameworks";
				PRODUCT_BUNDLE_IDENTIFIER = "DoubleK.JGS-IphoneApp-ProjectTests";
				PRODUCT_NAME = "$(TARGET_NAME)";
				SWIFT_VERSION = 3.0;
				TEST_HOST = "$(BUILT_PRODUCTS_DIR)/JGS_IphoneApp_Project.app/JGS_IphoneApp_Project";
			};
			name = Debug;
		};
		14D7A5FE1FBA787300CEA4D3 /* Release */ = {
			isa = XCBuildConfiguration;
			buildSettings = {
				ALWAYS_EMBED_SWIFT_STANDARD_LIBRARIES = YES;
				BUNDLE_LOADER = "$(TEST_HOST)";
				INFOPLIST_FILE = JGS_IphoneApp_ProjectTests/Info.plist;
				LD_RUNPATH_SEARCH_PATHS = "$(inherited) @executable_path/Frameworks @loader_path/Frameworks";
				PRODUCT_BUNDLE_IDENTIFIER = "DoubleK.JGS-IphoneApp-ProjectTests";
				PRODUCT_NAME = "$(TARGET_NAME)";
				SWIFT_VERSION = 3.0;
				TEST_HOST = "$(BUILT_PRODUCTS_DIR)/JGS_IphoneApp_Project.app/JGS_IphoneApp_Project";
			};
			name = Release;
		};
		14D7A6001FBA787300CEA4D3 /* Debug */ = {
			isa = XCBuildConfiguration;
			buildSettings = {
				ALWAYS_EMBED_SWIFT_STANDARD_LIBRARIES = YES;
				INFOPLIST_FILE = JGS_IphoneApp_ProjectUITests/Info.plist;
				LD_RUNPATH_SEARCH_PATHS = "$(inherited) @executable_path/Frameworks @loader_path/Frameworks";
				PRODUCT_BUNDLE_IDENTIFIER = "DoubleK.JGS-IphoneApp-ProjectUITests";
				PRODUCT_NAME = "$(TARGET_NAME)";
				SWIFT_VERSION = 3.0;
				TEST_TARGET_NAME = JGS_IphoneApp_Project;
			};
			name = Debug;
		};
		14D7A6011FBA787300CEA4D3 /* Release */ = {
			isa = XCBuildConfiguration;
			buildSettings = {
				ALWAYS_EMBED_SWIFT_STANDARD_LIBRARIES = YES;
				INFOPLIST_FILE = JGS_IphoneApp_ProjectUITests/Info.plist;
				LD_RUNPATH_SEARCH_PATHS = "$(inherited) @executable_path/Frameworks @loader_path/Frameworks";
				PRODUCT_BUNDLE_IDENTIFIER = "DoubleK.JGS-IphoneApp-ProjectUITests";
				PRODUCT_NAME = "$(TARGET_NAME)";
				SWIFT_VERSION = 3.0;
				TEST_TARGET_NAME = JGS_IphoneApp_Project;
			};
			name = Release;
		};
/* End XCBuildConfiguration section */

/* Begin XCConfigurationList section */
		14D7A5CC1FBA787200CEA4D3 /* Build configuration list for PBXProject "JGS_IphoneApp_Project" */ = {
			isa = XCConfigurationList;
			buildConfigurations = (
				14D7A5F71FBA787300CEA4D3 /* Debug */,
				14D7A5F81FBA787300CEA4D3 /* Release */,
			);
			defaultConfigurationIsVisible = 0;
			defaultConfigurationName = Release;
		};
		14D7A5F91FBA787300CEA4D3 /* Build configuration list for PBXNativeTarget "JGS_IphoneApp_Project" */ = {
			isa = XCConfigurationList;
			buildConfigurations = (
				14D7A5FA1FBA787300CEA4D3 /* Debug */,
				14D7A5FB1FBA787300CEA4D3 /* Release */,
			);
			defaultConfigurationIsVisible = 0;
			defaultConfigurationName = Release;
		};
		14D7A5FC1FBA787300CEA4D3 /* Build configuration list for PBXNativeTarget "JGS_IphoneApp_ProjectTests" */ = {
			isa = XCConfigurationList;
			buildConfigurations = (
				14D7A5FD1FBA787300CEA4D3 /* Debug */,
				14D7A5FE1FBA787300CEA4D3 /* Release */,
			);
			defaultConfigurationIsVisible = 0;
			defaultConfigurationName = Release;
		};
		14D7A5FF1FBA787300CEA4D3 /* Build configuration list for PBXNativeTarget "JGS_IphoneApp_ProjectUITests" */ = {
			isa = XCConfigurationList;
			buildConfigurations = (
				14D7A6001FBA787300CEA4D3 /* Debug */,
				14D7A6011FBA787300CEA4D3 /* Release */,
			);
			defaultConfigurationIsVisible = 0;
			defaultConfigurationName = Release;
		};
/* End XCConfigurationList section */
	};
	rootObject = 14D7A5C91FBA787200CEA4D3 /* Project object */;
}
